
Microsoft Visual Studio Solution File, Format Version 12.00
# Visual Studio Version 16
VisualStudioVersion = 16.0.28803.156
MinimumVisualStudioVersion = 10.0.40219.1
Project("{FAE04EC0-301F-11D3-BF4B-00C04F79EFBC}") = "smthing", "smthing\smthing.csproj", "{0DC5E04A-530F-4B50-BAD2-A433C12FD92C}"
EndProject
Global
	GlobalSection(SolutionConfigurationPlatforms) = preSolution
		Debug|Any CPU = Debug|Any CPU
		Release|Any CPU = Release|Any CPU
	EndGlobalSection
	GlobalSection(ProjectConfigurationPlatforms) = postSolution
		{0DC5E04A-530F-4B50-BAD2-A433C12FD92C}.Debug|Any CPU.ActiveCfg = Debug|Any CPU
		{0DC5E04A-530F-4B50-BAD2-A433C12FD92C}.Debug|Any CPU.Build.0 = Debug|Any CPU
		{0DC5E04A-530F-4B50-BAD2-A433C12FD92C}.Release|Any CPU.ActiveCfg = Release|Any CPU
		{0DC5E04A-530F-4B50-BAD2-A433C12FD92C}.Release|Any CPU.Build.0 = Release|Any CPU
	EndGlobalSection
	GlobalSection(SolutionProperties) = preSolution
		HideSolutionNode = FALSE
	EndGlobalSection
	GlobalSection(ExtensibilityGlobals) = postSolution
		SolutionGuid = {1DF31A2C-F178-4DBA-839E-DD275E7856D1}
	EndGlobalSection
EndGlobal
