
Microsoft Visual Studio Solution File, Format Version 12.00
# Visual Studio 15
VisualStudioVersion = 15.0.28307.168
MinimumVisualStudioVersion = 10.0.40219.1
Project("{FAE04EC0-301F-11D3-BF4B-00C04F79EFBC}") = "main", "main\main.csproj", "{BC7579DA-5306-4C93-9E25-7F499A4E7AAF}"
EndProject
Project("{FAE04EC0-301F-11D3-BF4B-00C04F79EFBC}") = "Machine.cs", "Machine.cs\Machine.cs.csproj", "{D7536DF6-DCAF-4C32-A22B-9F8CAB991D6B}"
EndProject
Project("{FAE04EC0-301F-11D3-BF4B-00C04F79EFBC}") = "gun.cs", "gun.cs\gun.cs.csproj", "{152AD192-8DA8-4AFE-A81A-CEC8963F77A9}"
EndProject
Project("{FAE04EC0-301F-11D3-BF4B-00C04F79EFBC}") = "TrafficLight.cs", "TrafficLight.cs\TrafficLight.cs.csproj", "{F8121BD4-C7FF-4FBB-B532-306446817E92}"
EndProject
Project("{FAE04EC0-301F-11D3-BF4B-00C04F79EFBC}") = "car.cs", "car.cs\car.cs.csproj", "{54BD9BA9-A529-4D59-B0A1-ACED770E6FB6}"
EndProject
Global
	GlobalSection(SolutionConfigurationPlatforms) = preSolution
		Debug|Any CPU = Debug|Any CPU
		Release|Any CPU = Release|Any CPU
	EndGlobalSection
	GlobalSection(ProjectConfigurationPlatforms) = postSolution
		{BC7579DA-5306-4C93-9E25-7F499A4E7AAF}.Debug|Any CPU.ActiveCfg = Debug|Any CPU
		{BC7579DA-5306-4C93-9E25-7F499A4E7AAF}.Debug|Any CPU.Build.0 = Debug|Any CPU
		{BC7579DA-5306-4C93-9E25-7F499A4E7AAF}.Release|Any CPU.ActiveCfg = Release|Any CPU
		{BC7579DA-5306-4C93-9E25-7F499A4E7AAF}.Release|Any CPU.Build.0 = Release|Any CPU
		{D7536DF6-DCAF-4C32-A22B-9F8CAB991D6B}.Debug|Any CPU.ActiveCfg = Debug|Any CPU
		{D7536DF6-DCAF-4C32-A22B-9F8CAB991D6B}.Debug|Any CPU.Build.0 = Debug|Any CPU
		{D7536DF6-DCAF-4C32-A22B-9F8CAB991D6B}.Release|Any CPU.ActiveCfg = Release|Any CPU
		{D7536DF6-DCAF-4C32-A22B-9F8CAB991D6B}.Release|Any CPU.Build.0 = Release|Any CPU
		{152AD192-8DA8-4AFE-A81A-CEC8963F77A9}.Debug|Any CPU.ActiveCfg = Debug|Any CPU
		{152AD192-8DA8-4AFE-A81A-CEC8963F77A9}.Debug|Any CPU.Build.0 = Debug|Any CPU
		{152AD192-8DA8-4AFE-A81A-CEC8963F77A9}.Release|Any CPU.ActiveCfg = Release|Any CPU
		{152AD192-8DA8-4AFE-A81A-CEC8963F77A9}.Release|Any CPU.Build.0 = Release|Any CPU
		{F8121BD4-C7FF-4FBB-B532-306446817E92}.Debug|Any CPU.ActiveCfg = Debug|Any CPU
		{F8121BD4-C7FF-4FBB-B532-306446817E92}.Debug|Any CPU.Build.0 = Debug|Any CPU
		{F8121BD4-C7FF-4FBB-B532-306446817E92}.Release|Any CPU.ActiveCfg = Release|Any CPU
		{F8121BD4-C7FF-4FBB-B532-306446817E92}.Release|Any CPU.Build.0 = Release|Any CPU
		{54BD9BA9-A529-4D59-B0A1-ACED770E6FB6}.Debug|Any CPU.ActiveCfg = Debug|Any CPU
		{54BD9BA9-A529-4D59-B0A1-ACED770E6FB6}.Debug|Any CPU.Build.0 = Debug|Any CPU
		{54BD9BA9-A529-4D59-B0A1-ACED770E6FB6}.Release|Any CPU.ActiveCfg = Release|Any CPU
		{54BD9BA9-A529-4D59-B0A1-ACED770E6FB6}.Release|Any CPU.Build.0 = Release|Any CPU
	EndGlobalSection
	GlobalSection(SolutionProperties) = preSolution
		HideSolutionNode = FALSE
	EndGlobalSection
	GlobalSection(ExtensibilityGlobals) = postSolution
		SolutionGuid = {FFA38DAF-D09F-45AF-8DD7-7CE0CDAB3F5E}
	EndGlobalSection
EndGlobal
