
Microsoft Visual Studio Solution File, Format Version 12.00
# Visual Studio 15
VisualStudioVersion = 15.0.28307.168
MinimumVisualStudioVersion = 10.0.40219.1
Project("{FAE04EC0-301F-11D3-BF4B-00C04F79EFBC}") = "snake", "snake\snake.csproj", "{D18A24E5-D0B8-4ED5-B9E4-715C94F25837}"
EndProject
Global
	GlobalSection(SolutionConfigurationPlatforms) = preSolution
		Debug|Any CPU = Debug|Any CPU
		Release|Any CPU = Release|Any CPU
	EndGlobalSection
	GlobalSection(ProjectConfigurationPlatforms) = postSolution
		{D18A24E5-D0B8-4ED5-B9E4-715C94F25837}.Debug|Any CPU.ActiveCfg = Debug|Any CPU
		{D18A24E5-D0B8-4ED5-B9E4-715C94F25837}.Debug|Any CPU.Build.0 = Debug|Any CPU
		{D18A24E5-D0B8-4ED5-B9E4-715C94F25837}.Release|Any CPU.ActiveCfg = Release|Any CPU
		{D18A24E5-D0B8-4ED5-B9E4-715C94F25837}.Release|Any CPU.Build.0 = Release|Any CPU
	EndGlobalSection
	GlobalSection(SolutionProperties) = preSolution
		HideSolutionNode = FALSE
	EndGlobalSection
	GlobalSection(ExtensibilityGlobals) = postSolution
		SolutionGuid = {70E98832-242F-43BE-802E-B300F0C1A16C}
	EndGlobalSection
EndGlobal
