
Microsoft Visual Studio Solution File, Format Version 12.00
# Visual Studio 15
VisualStudioVersion = 15.0.28307.168
MinimumVisualStudioVersion = 10.0.40219.1
Project("{FAE04EC0-301F-11D3-BF4B-00C04F79EFBC}") = "Task1", "Task1\Task1.csproj", "{7A0CB2B6-953A-4E33-831D-EC9674B23AD8}"
EndProject
Project("{FAE04EC0-301F-11D3-BF4B-00C04F79EFBC}") = "Task2", "Task2\Task2.csproj", "{15CCEC6A-ACDA-4AB3-B80D-016392A77C84}"
EndProject
Global
	GlobalSection(SolutionConfigurationPlatforms) = preSolution
		Debug|Any CPU = Debug|Any CPU
		Release|Any CPU = Release|Any CPU
	EndGlobalSection
	GlobalSection(ProjectConfigurationPlatforms) = postSolution
		{7A0CB2B6-953A-4E33-831D-EC9674B23AD8}.Debug|Any CPU.ActiveCfg = Debug|Any CPU
		{7A0CB2B6-953A-4E33-831D-EC9674B23AD8}.Debug|Any CPU.Build.0 = Debug|Any CPU
		{7A0CB2B6-953A-4E33-831D-EC9674B23AD8}.Release|Any CPU.ActiveCfg = Release|Any CPU
		{7A0CB2B6-953A-4E33-831D-EC9674B23AD8}.Release|Any CPU.Build.0 = Release|Any CPU
		{15CCEC6A-ACDA-4AB3-B80D-016392A77C84}.Debug|Any CPU.ActiveCfg = Debug|Any CPU
		{15CCEC6A-ACDA-4AB3-B80D-016392A77C84}.Debug|Any CPU.Build.0 = Debug|Any CPU
		{15CCEC6A-ACDA-4AB3-B80D-016392A77C84}.Release|Any CPU.ActiveCfg = Release|Any CPU
		{15CCEC6A-ACDA-4AB3-B80D-016392A77C84}.Release|Any CPU.Build.0 = Release|Any CPU
	EndGlobalSection
	GlobalSection(SolutionProperties) = preSolution
		HideSolutionNode = FALSE
	EndGlobalSection
	GlobalSection(ExtensibilityGlobals) = postSolution
		SolutionGuid = {B9B0666C-D152-4B0D-8E67-97B1287554A5}
	EndGlobalSection
EndGlobal
