
Microsoft Visual Studio Solution File, Format Version 12.00
# Visual Studio Version 16
VisualStudioVersion = 16.0.28803.156
MinimumVisualStudioVersion = 10.0.40219.1
Project("{FAE04EC0-301F-11D3-BF4B-00C04F79EFBC}") = "Calculator", "Calculator\Calculator.csproj", "{75ED4B1B-2F75-403D-9F4D-6BA044A19899}"
EndProject
Global
	GlobalSection(SolutionConfigurationPlatforms) = preSolution
		Debug|Any CPU = Debug|Any CPU
		Release|Any CPU = Release|Any CPU
	EndGlobalSection
	GlobalSection(ProjectConfigurationPlatforms) = postSolution
		{75ED4B1B-2F75-403D-9F4D-6BA044A19899}.Debug|Any CPU.ActiveCfg = Debug|Any CPU
		{75ED4B1B-2F75-403D-9F4D-6BA044A19899}.Debug|Any CPU.Build.0 = Debug|Any CPU
		{75ED4B1B-2F75-403D-9F4D-6BA044A19899}.Release|Any CPU.ActiveCfg = Release|Any CPU
		{75ED4B1B-2F75-403D-9F4D-6BA044A19899}.Release|Any CPU.Build.0 = Release|Any CPU
	EndGlobalSection
	GlobalSection(SolutionProperties) = preSolution
		HideSolutionNode = FALSE
	EndGlobalSection
	GlobalSection(ExtensibilityGlobals) = postSolution
		SolutionGuid = {1DDC523B-8038-481F-8A4F-95245CF9F0C4}
	EndGlobalSection
EndGlobal
