
Microsoft Visual Studio Solution File, Format Version 12.00
# Visual Studio 15
VisualStudioVersion = 15.0.28307.168
MinimumVisualStudioVersion = 10.0.40219.1
Project("{FAE04EC0-301F-11D3-BF4B-00C04F79EFBC}") = "task1", "task1\task1.csproj", "{056ECE40-0DC9-41C5-AAD8-04DAA701B760}"
EndProject
Project("{FAE04EC0-301F-11D3-BF4B-00C04F79EFBC}") = "task2", "task2\task2.csproj", "{12353388-C028-4B75-AD55-584D7C8E0074}"
EndProject
Project("{FAE04EC0-301F-11D3-BF4B-00C04F79EFBC}") = "task3", "task3\task3.csproj", "{D534F944-74D0-40CF-A5A4-A72888263606}"
EndProject
Project("{FAE04EC0-301F-11D3-BF4B-00C04F79EFBC}") = "task4", "task4\task4.csproj", "{19BDE9FC-22F1-4390-AE30-46DAFE882339}"
EndProject
Project("{FAE04EC0-301F-11D3-BF4B-00C04F79EFBC}") = "ConsoleApp1", "ConsoleApp1\ConsoleApp1.csproj", "{F30353CD-83B6-465C-B172-6C1FD97051AD}"
EndProject
Global
	GlobalSection(SolutionConfigurationPlatforms) = preSolution
		Debug|Any CPU = Debug|Any CPU
		Release|Any CPU = Release|Any CPU
	EndGlobalSection
	GlobalSection(ProjectConfigurationPlatforms) = postSolution
		{056ECE40-0DC9-41C5-AAD8-04DAA701B760}.Debug|Any CPU.ActiveCfg = Debug|Any CPU
		{056ECE40-0DC9-41C5-AAD8-04DAA701B760}.Debug|Any CPU.Build.0 = Debug|Any CPU
		{056ECE40-0DC9-41C5-AAD8-04DAA701B760}.Release|Any CPU.ActiveCfg = Release|Any CPU
		{056ECE40-0DC9-41C5-AAD8-04DAA701B760}.Release|Any CPU.Build.0 = Release|Any CPU
		{12353388-C028-4B75-AD55-584D7C8E0074}.Debug|Any CPU.ActiveCfg = Debug|Any CPU
		{12353388-C028-4B75-AD55-584D7C8E0074}.Debug|Any CPU.Build.0 = Debug|Any CPU
		{12353388-C028-4B75-AD55-584D7C8E0074}.Release|Any CPU.ActiveCfg = Release|Any CPU
		{12353388-C028-4B75-AD55-584D7C8E0074}.Release|Any CPU.Build.0 = Release|Any CPU
		{D534F944-74D0-40CF-A5A4-A72888263606}.Debug|Any CPU.ActiveCfg = Debug|Any CPU
		{D534F944-74D0-40CF-A5A4-A72888263606}.Debug|Any CPU.Build.0 = Debug|Any CPU
		{D534F944-74D0-40CF-A5A4-A72888263606}.Release|Any CPU.ActiveCfg = Release|Any CPU
		{D534F944-74D0-40CF-A5A4-A72888263606}.Release|Any CPU.Build.0 = Release|Any CPU
		{19BDE9FC-22F1-4390-AE30-46DAFE882339}.Debug|Any CPU.ActiveCfg = Debug|Any CPU
		{19BDE9FC-22F1-4390-AE30-46DAFE882339}.Debug|Any CPU.Build.0 = Debug|Any CPU
		{19BDE9FC-22F1-4390-AE30-46DAFE882339}.Release|Any CPU.ActiveCfg = Release|Any CPU
		{19BDE9FC-22F1-4390-AE30-46DAFE882339}.Release|Any CPU.Build.0 = Release|Any CPU
		{F30353CD-83B6-465C-B172-6C1FD97051AD}.Debug|Any CPU.ActiveCfg = Debug|Any CPU
		{F30353CD-83B6-465C-B172-6C1FD97051AD}.Debug|Any CPU.Build.0 = Debug|Any CPU
		{F30353CD-83B6-465C-B172-6C1FD97051AD}.Release|Any CPU.ActiveCfg = Release|Any CPU
		{F30353CD-83B6-465C-B172-6C1FD97051AD}.Release|Any CPU.Build.0 = Release|Any CPU
	EndGlobalSection
	GlobalSection(SolutionProperties) = preSolution
		HideSolutionNode = FALSE
	EndGlobalSection
	GlobalSection(ExtensibilityGlobals) = postSolution
		SolutionGuid = {BEAB7A57-F275-4135-BD83-6AB5E6ADB4D0}
	EndGlobalSection
EndGlobal
